PODS:
  - Flutter (1.0.0)
  - fluttertoast (0.0.2):
    - Flutter
  - wakelock (0.0.1):
    - Flutter
  - widgets_easier (0.0.1):
    - Flutter

DEPENDENCIES:
  - Flutter (from `Flutter`)
  - fluttertoast (from `.symlinks/plugins/fluttertoast/ios`)
  - wakelock (from `.symlinks/plugins/wakelock/ios`)
  - widgets_easier (from `.symlinks/plugins/widgets_easier/ios`)

EXTERNAL SOURCES:
  Flutter:
    :path: Flutter
  fluttertoast:
    :path: ".symlinks/plugins/fluttertoast/ios"
  wakelock:
    :path: ".symlinks/plugins/wakelock/ios"
  widgets_easier:
    :path: ".symlinks/plugins/widgets_easier/ios"

SPEC CHECKSUMS:
  Flutter: cabc95a1d2626b1b06e7179b784ebcf0c0cde467
  fluttertoast: 2c67e14dce98bbdb200df9e1acf610d7a6264ea1
  wakelock: 696b716a1d4b8e4b4b268155b215426c9510bd6b
  widgets_easier: 55f1995f4f7437f96cf7549b34faa650059253f9

PODFILE CHECKSUM: 3c63482e143d1b91d2d2560aee9fb04ecc74ac7e

COCOAPODS: 1.16.2
